<?xml version="1.0" encoding="utf-8"?>
<Project ToolsVersion="4.0" xmlns="http://schemas.microsoft.com/developer/msbuild/2003">
  <ItemGroup>
    <ClCompile Include="glsl.cpp" />
    <ClCompile Include="main.cpp" />
    <ClCompile Include="Cube.cpp">
      <Filter>Models</Filter>
    </ClCompile>
  </ItemGroup>
  <ItemGroup>
    <ClInclude Include="glsl.h" />
    <ClInclude Include="Cube.h">
      <Filter>Models</Filter>
    </ClInclude>
    <ClInclude Include="glfw3native.h">
      <Filter>Libraries</Filter>
    </ClInclude>
    <ClInclude Include="glfw3.h">
      <Filter>Libraries</Filter>
    </ClInclude>
  </ItemGroup>
  <ItemGroup>
    <None Include="fragmentshader.frag" />
    <None Include="vertexshader.vert" />
  </ItemGroup>
  <ItemGroup>
    <Filter Include="Models">
      <UniqueIdentifier>{f16d6092-1c58-41f1-a857-52fe8ddef3d4}</UniqueIdentifier>
    </Filter>
    <Filter Include="Libraries">
      <UniqueIdentifier>{d1a0b84c-86f3-4361-980a-583077a0c5e1}</UniqueIdentifier>
    </Filter>
  </ItemGroup>
</Project>