<?xml version="1.0" encoding="utf-8"?>
<Project ToolsVersion="4.0" xmlns="http://schemas.microsoft.com/developer/msbuild/2003">
  <ItemGroup>
    <Filter Include="Source Files">
      <UniqueIdentifier>{4FC737F1-C7A5-4376-A066-2A32D752A2FF}</UniqueIdentifier>
      <Extensions>cpp;c;cc;cxx;def;odl;idl;hpj;bat;asm;asmx</Extensions>
    </Filter>
    <Filter Include="Header Files">
      <UniqueIdentifier>{93995380-89BD-4b04-88EB-625FBE52EBFB}</UniqueIdentifier>
      <Extensions>h;hh;hpp;hxx;hm;inl;inc;ipp;xsd</Extensions>
    </Filter>
    <Filter Include="Resource Files">
      <UniqueIdentifier>{67DA6AB6-F800-4c08-8B7A-83BB121AAD01}</UniqueIdentifier>
      <Extensions>rc;ico;cur;bmp;dlg;rc2;rct;bin;rgs;gif;jpg;jpeg;jpe;resx;tiff;tif;png;wav;mfcribbon-ms</Extensions>
    </Filter>
    <Filter Include="Shaders">
      <UniqueIdentifier>{b6d3753c-2746-41a8-9d5b-263920dc5c10}</UniqueIdentifier>
    </Filter>
    <Filter Include="Source Files\Shapes">
      <UniqueIdentifier>{fe9bab0e-8b37-4e4b-a757-89b66a62e546}</UniqueIdentifier>
    </Filter>
    <Filter Include="Source Files\Libraries">
      <UniqueIdentifier>{790d4b52-01d9-4014-a118-9ac2db8b48d4}</UniqueIdentifier>
    </Filter>
    <Filter Include="Header Files\Shapes">
      <UniqueIdentifier>{a9cddf44-416c-451a-9532-2741558a51a6}</UniqueIdentifier>
    </Filter>
    <Filter Include="Header Files\Libraries">
      <UniqueIdentifier>{4f7a11f9-ec24-4b0e-a4c8-e7bd5cfdcc2f}</UniqueIdentifier>
    </Filter>
    <Filter Include="Header Files\Models">
      <UniqueIdentifier>{000ef22b-cc58-42f7-93f8-b9ee28723665}</UniqueIdentifier>
    </Filter>
    <Filter Include="Source Files\Models">
      <UniqueIdentifier>{eeaf9ef4-96a4-4796-836e-1291c79e5d78}</UniqueIdentifier>
    </Filter>
    <Filter Include="Header Files\Tools">
      <UniqueIdentifier>{1bb5cf4a-99af-4618-8331-24b1469bfff7}</UniqueIdentifier>
    </Filter>
    <Filter Include="Source Files\Tools">
      <UniqueIdentifier>{51c46282-8b5f-409d-8049-751119731e3d}</UniqueIdentifier>
    </Filter>
    <Filter Include="Source Files\Other">
      <UniqueIdentifier>{6c2f8079-37f0-4b4d-8294-58034b9245d7}</UniqueIdentifier>
    </Filter>
    <Filter Include="Header Files\Other">
      <UniqueIdentifier>{5a9e6d56-c088-46ce-bf11-71bea704d3c9}</UniqueIdentifier>
    </Filter>
    <Filter Include="Header Files\Base">
      <UniqueIdentifier>{c98f0505-336f-473d-b16e-88d81f8e3738}</UniqueIdentifier>
    </Filter>
    <Filter Include="Source Files\Base">
      <UniqueIdentifier>{89e8484d-c82f-41c7-9cda-6d60f2c851d4}</UniqueIdentifier>
    </Filter>
    <Filter Include="Header Files\Animations">
      <UniqueIdentifier>{c540b915-0e44-416a-ae51-da30743819e5}</UniqueIdentifier>
    </Filter>
    <Filter Include="Source Files\Animations">
      <UniqueIdentifier>{a7b32f9d-e12d-4b67-baaa-900841f2de78}</UniqueIdentifier>
    </Filter>
  </ItemGroup>
  <ItemGroup>
    <ClCompile Include="main.cpp">
      <Filter>Source Files</Filter>
    </ClCompile>
    <ClCompile Include="Cube.cpp">
      <Filter>Source Files\Shapes</Filter>
    </ClCompile>
    <ClCompile Include="Hexagon.cpp">
      <Filter>Source Files\Shapes</Filter>
    </ClCompile>
    <ClCompile Include="Pyramid.cpp">
      <Filter>Source Files\Shapes</Filter>
    </ClCompile>
    <ClCompile Include="TriangularPrism.cpp">
      <Filter>Source Files\Shapes</Filter>
    </ClCompile>
    <ClCompile Include="glsl.cpp">
      <Filter>Source Files\Libraries</Filter>
    </ClCompile>
    <ClCompile Include="House.cpp">
      <Filter>Source Files\Models</Filter>
    </ClCompile>
    <ClCompile Include="TrapezoidPrism.cpp">
      <Filter>Source Files\Shapes</Filter>
    </ClCompile>
    <ClCompile Include="Tree.cpp">
      <Filter>Source Files\Models</Filter>
    </ClCompile>
    <ClCompile Include="texture\TextureLoader.cpp">
      <Filter>Source Files\Tools</Filter>
    </ClCompile>
    <ClCompile Include="Camera.cpp">
      <Filter>Source Files\Tools</Filter>
    </ClCompile>
    <ClCompile Include="Wedge.cpp">
      <Filter>Source Files\Shapes</Filter>
    </ClCompile>
    <ClCompile Include="RightRemovedTrapezoidPrism.cpp">
      <Filter>Source Files\Shapes</Filter>
    </ClCompile>
    <ClCompile Include="Lampost.cpp">
      <Filter>Source Files\Models</Filter>
    </ClCompile>
    <ClCompile Include="objloader.cpp">
      <Filter>Source Files\Tools</Filter>
    </ClCompile>
    <ClCompile Include="Movement.cpp">
      <Filter>Source Files\Tools</Filter>
    </ClCompile>
    <ClCompile Include="Shader.cpp">
      <Filter>Source Files\Other</Filter>
    </ClCompile>
    <ClCompile Include="World.cpp">
      <Filter>Source Files\Other</Filter>
    </ClCompile>
    <ClCompile Include="Entity.cpp">
      <Filter>Source Files\Base</Filter>
    </ClCompile>
    <ClCompile Include="Model.cpp">
      <Filter>Source Files\Base</Filter>
    </ClCompile>
    <ClCompile Include="Object.cpp">
      <Filter>Source Files\Base</Filter>
    </ClCompile>
    <ClCompile Include="Shape.cpp">
      <Filter>Source Files\Base</Filter>
    </ClCompile>
    <ClCompile Include="ViewMode.cpp">
      <Filter>Source Files\Tools</Filter>
    </ClCompile>
    <ClCompile Include="MarketStall.cpp">
      <Filter>Source Files\Models</Filter>
    </ClCompile>
    <ClCompile Include="Chair.cpp">
      <Filter>Source Files\Models</Filter>
    </ClCompile>
    <ClCompile Include="Table.cpp">
      <Filter>Source Files\Models</Filter>
    </ClCompile>
    <ClCompile Include="Candle.cpp">
      <Filter>Source Files\Models</Filter>
    </ClCompile>
    <ClCompile Include="Cloud.cpp">
      <Filter>Source Files\Models</Filter>
    </ClCompile>
    <ClCompile Include="Animation.cpp">
      <Filter>Source Files\Base</Filter>
    </ClCompile>
    <ClCompile Include="Animate_Scaling.cpp">
      <Filter>Source Files\Animations</Filter>
    </ClCompile>
    <ClCompile Include="CustomPlane.cpp">
      <Filter>Source Files\Shapes</Filter>
    </ClCompile>
    <ClCompile Include="Animate_Rotating.cpp">
      <Filter>Source Files\Animations</Filter>
    </ClCompile>
    <ClCompile Include="Animate_GoUpAndReset.cpp">
      <Filter>Source Files\Animations</Filter>
    </ClCompile>
    <ClCompile Include="Animate_GoUpAndThenDown.cpp">
      <Filter>Source Files\Animations</Filter>
    </ClCompile>
    <ClCompile Include="Icosahedron.cpp">
      <Filter>Source Files</Filter>
    </ClCompile>
  </ItemGroup>
  <ItemGroup>
    <ClInclude Include="Pyramid.h">
      <Filter>Header Files\Shapes</Filter>
    </ClInclude>
    <ClInclude Include="Hexagon.h">
      <Filter>Header Files\Shapes</Filter>
    </ClInclude>
    <ClInclude Include="Cube.h">
      <Filter>Header Files\Shapes</Filter>
    </ClInclude>
    <ClInclude Include="TriangularPrism.h">
      <Filter>Header Files\Shapes</Filter>
    </ClInclude>
    <ClInclude Include="glsl.h">
      <Filter>Header Files\Libraries</Filter>
    </ClInclude>
    <ClInclude Include="House.h">
      <Filter>Header Files\Models</Filter>
    </ClInclude>
    <ClInclude Include="TrapezoidPrism.h">
      <Filter>Header Files\Shapes</Filter>
    </ClInclude>
    <ClInclude Include="Tree.h">
      <Filter>Header Files\Models</Filter>
    </ClInclude>
    <ClInclude Include="Lampost.h">
      <Filter>Header Files\Models</Filter>
    </ClInclude>
    <ClInclude Include="texture\TextureLoader.h">
      <Filter>Header Files\Tools</Filter>
    </ClInclude>
    <ClInclude Include="Camera.h">
      <Filter>Header Files\Tools</Filter>
    </ClInclude>
    <ClInclude Include="RightRemovedTrapezoidPrism.h">
      <Filter>Header Files\Shapes</Filter>
    </ClInclude>
    <ClInclude Include="Wedge.h">
      <Filter>Header Files\Shapes</Filter>
    </ClInclude>
    <ClInclude Include="objloader.h">
      <Filter>Header Files\Tools</Filter>
    </ClInclude>
    <ClInclude Include="Movement.h">
      <Filter>Header Files\Tools</Filter>
    </ClInclude>
    <ClInclude Include="Shader.h">
      <Filter>Header Files\Other</Filter>
    </ClInclude>
    <ClInclude Include="World.h">
      <Filter>Header Files\Other</Filter>
    </ClInclude>
    <ClInclude Include="Shape.h">
      <Filter>Header Files\Base</Filter>
    </ClInclude>
    <ClInclude Include="Object.h">
      <Filter>Header Files\Base</Filter>
    </ClInclude>
    <ClInclude Include="Model.h">
      <Filter>Header Files\Base</Filter>
    </ClInclude>
    <ClInclude Include="Entity.h">
      <Filter>Header Files\Base</Filter>
    </ClInclude>
    <ClInclude Include="ViewMode.h">
      <Filter>Header Files\Tools</Filter>
    </ClInclude>
    <ClInclude Include="MarketStall.h">
      <Filter>Header Files\Models</Filter>
    </ClInclude>
    <ClInclude Include="Chair.h">
      <Filter>Header Files\Models</Filter>
    </ClInclude>
    <ClInclude Include="Table.h">
      <Filter>Header Files\Models</Filter>
    </ClInclude>
    <ClInclude Include="Candle.h">
      <Filter>Header Files\Models</Filter>
    </ClInclude>
    <ClInclude Include="Cloud.h">
      <Filter>Header Files\Models</Filter>
    </ClInclude>
    <ClInclude Include="Animation.h">
      <Filter>Header Files\Base</Filter>
    </ClInclude>
    <ClInclude Include="Animate_Scaling.h">
      <Filter>Header Files\Animations</Filter>
    </ClInclude>
    <ClInclude Include="CustomPlane.h">
      <Filter>Header Files\Shapes</Filter>
    </ClInclude>
    <ClInclude Include="Animate_Rotating.h">
      <Filter>Header Files\Animations</Filter>
    </ClInclude>
    <ClInclude Include="Animate_GoUpAndReset.h">
      <Filter>Header Files\Animations</Filter>
    </ClInclude>
    <ClInclude Include="Animate_GoUpAndThenDown.h">
      <Filter>Header Files\Animations</Filter>
    </ClInclude>
    <ClInclude Include="Icosahedron.h">
      <Filter>Header Files</Filter>
    </ClInclude>
  </ItemGroup>
  <ItemGroup>
    <None Include="basicfs.frag">
      <Filter>Shaders</Filter>
    </None>
    <None Include="phongfs.frag">
      <Filter>Shaders</Filter>
    </None>
    <None Include="phongvs.vert">
      <Filter>Shaders</Filter>
    </None>
    <None Include="texturefs.frag">
      <Filter>Shaders</Filter>
    </None>
    <None Include="texturevs.vert">
      <Filter>Shaders</Filter>
    </None>
    <None Include="basicvs.vert">
      <Filter>Shaders</Filter>
    </None>
  </ItemGroup>
</Project>